
Microsoft Visual Studio Solution File, Format Version 12.00
# Visual Studio Version 17
VisualStudioVersion = 17.13.35931.197
MinimumVisualStudioVersion = 10.0.40219.1
Project("{2150E333-8FDC-42A3-9474-1A3956D46DE8}") = "Services", "Services", "{02EA681E-C7D8-13C7-8484-4AC65E1B71E8}"
EndProject
Project("{FAE04EC0-301F-11D3-BF4B-00C04F79EFBC}") = "Catelog.API", "Catelog.API\Catelog.API.csproj", "{FCDCA442-45D2-49CE-9663-F750798C5327}"
EndProject
Project("{FAE04EC0-301F-11D3-BF4B-00C04F79EFBC}") = "Basket.API", "Basket.API\Basket.API.csproj", "{348B944E-3690-4CA7-8BAF-638FB5E38871}"
EndProject
Project("{FAE04EC0-301F-11D3-BF4B-00C04F79EFBC}") = "Discount.API", "Discount.API\Discount.API.csproj", "{B2415A6E-313B-473A-A00A-5E843A902111}"
EndProject
Project("{FAE04EC0-301F-11D3-BF4B-00C04F79EFBC}") = "Discount.GRPC", "Discount.GRPC\Discount.GRPC.csproj", "{5B124F61-9699-4D96-8315-0248884E6CDC}"
EndProject
Project("{2150E333-8FDC-42A3-9474-1A3956D46DE8}") = "Ordering", "Ordering", "{A5B8CF4D-BA84-4EF2-82F5-A5ADBC64EA60}"
EndProject
Project("{FAE04EC0-301F-11D3-BF4B-00C04F79EFBC}") = "Ordering.API", "Ordering.API\Ordering.API.csproj", "{97C33E02-D6BA-4EF2-A7AC-9944C6BD2E6D}"
EndProject
Project("{FAE04EC0-301F-11D3-BF4B-00C04F79EFBC}") = "Ordering.Application", "Ordering.Application\Ordering.Application.csproj", "{D2C85015-26C4-49AA-B717-AE06D267CD4D}"
EndProject
Project("{FAE04EC0-301F-11D3-BF4B-00C04F79EFBC}") = "Ordering.Domain", "Ordering.Domain\Ordering.Domain.csproj", "{F37FF850-B5C3-43E4-8A2D-0F9BAD52A7A5}"
EndProject
Project("{FAE04EC0-301F-11D3-BF4B-00C04F79EFBC}") = "Ordering.Infrastructure", "Ordering.Infrastructure\Ordering.Infrastructure.csproj", "{A6FB2EBE-0EDC-4E99-8AAE-F45E3C58FA48}"
EndProject
Project("{2150E333-8FDC-42A3-9474-1A3956D46DE8}") = "BuildingBlocks", "BuildingBlocks", "{7F42F487-91DC-41C2-A38B-F48EDCB688F0}"
EndProject
Project("{FAE04EC0-301F-11D3-BF4B-00C04F79EFBC}") = "Enventbus.Messages", "Enventbus.Messages\Enventbus.Messages.csproj", "{0422675C-553E-43FA-BA4A-8F93423E7E96}"
EndProject
Global
	GlobalSection(SolutionConfigurationPlatforms) = preSolution
		Debug|Any CPU = Debug|Any CPU
		Release|Any CPU = Release|Any CPU
	EndGlobalSection
	GlobalSection(ProjectConfigurationPlatforms) = postSolution
		{FCDCA442-45D2-49CE-9663-F750798C5327}.Debug|Any CPU.ActiveCfg = Debug|Any CPU
		{FCDCA442-45D2-49CE-9663-F750798C5327}.Debug|Any CPU.Build.0 = Debug|Any CPU
		{FCDCA442-45D2-49CE-9663-F750798C5327}.Release|Any CPU.ActiveCfg = Release|Any CPU
		{FCDCA442-45D2-49CE-9663-F750798C5327}.Release|Any CPU.Build.0 = Release|Any CPU
		{348B944E-3690-4CA7-8BAF-638FB5E38871}.Debug|Any CPU.ActiveCfg = Debug|Any CPU
		{348B944E-3690-4CA7-8BAF-638FB5E38871}.Debug|Any CPU.Build.0 = Debug|Any CPU
		{348B944E-3690-4CA7-8BAF-638FB5E38871}.Release|Any CPU.ActiveCfg = Release|Any CPU
		{348B944E-3690-4CA7-8BAF-638FB5E38871}.Release|Any CPU.Build.0 = Release|Any CPU
		{B2415A6E-313B-473A-A00A-5E843A902111}.Debug|Any CPU.ActiveCfg = Debug|Any CPU
		{B2415A6E-313B-473A-A00A-5E843A902111}.Debug|Any CPU.Build.0 = Debug|Any CPU
		{B2415A6E-313B-473A-A00A-5E843A902111}.Release|Any CPU.ActiveCfg = Release|Any CPU
		{B2415A6E-313B-473A-A00A-5E843A902111}.Release|Any CPU.Build.0 = Release|Any CPU
		{5B124F61-9699-4D96-8315-0248884E6CDC}.Debug|Any CPU.ActiveCfg = Debug|Any CPU
		{5B124F61-9699-4D96-8315-0248884E6CDC}.Debug|Any CPU.Build.0 = Debug|Any CPU
		{5B124F61-9699-4D96-8315-0248884E6CDC}.Release|Any CPU.ActiveCfg = Release|Any CPU
		{5B124F61-9699-4D96-8315-0248884E6CDC}.Release|Any CPU.Build.0 = Release|Any CPU
		{97C33E02-D6BA-4EF2-A7AC-9944C6BD2E6D}.Debug|Any CPU.ActiveCfg = Debug|Any CPU
		{97C33E02-D6BA-4EF2-A7AC-9944C6BD2E6D}.Debug|Any CPU.Build.0 = Debug|Any CPU
		{97C33E02-D6BA-4EF2-A7AC-9944C6BD2E6D}.Release|Any CPU.ActiveCfg = Release|Any CPU
		{97C33E02-D6BA-4EF2-A7AC-9944C6BD2E6D}.Release|Any CPU.Build.0 = Release|Any CPU
		{D2C85015-26C4-49AA-B717-AE06D267CD4D}.Debug|Any CPU.ActiveCfg = Debug|Any CPU
		{D2C85015-26C4-49AA-B717-AE06D267CD4D}.Debug|Any CPU.Build.0 = Debug|Any CPU
		{D2C85015-26C4-49AA-B717-AE06D267CD4D}.Release|Any CPU.ActiveCfg = Release|Any CPU
		{D2C85015-26C4-49AA-B717-AE06D267CD4D}.Release|Any CPU.Build.0 = Release|Any CPU
		{F37FF850-B5C3-43E4-8A2D-0F9BAD52A7A5}.Debug|Any CPU.ActiveCfg = Debug|Any CPU
		{F37FF850-B5C3-43E4-8A2D-0F9BAD52A7A5}.Debug|Any CPU.Build.0 = Debug|Any CPU
		{F37FF850-B5C3-43E4-8A2D-0F9BAD52A7A5}.Release|Any CPU.ActiveCfg = Release|Any CPU
		{F37FF850-B5C3-43E4-8A2D-0F9BAD52A7A5}.Release|Any CPU.Build.0 = Release|Any CPU
		{A6FB2EBE-0EDC-4E99-8AAE-F45E3C58FA48}.Debug|Any CPU.ActiveCfg = Debug|Any CPU
		{A6FB2EBE-0EDC-4E99-8AAE-F45E3C58FA48}.Debug|Any CPU.Build.0 = Debug|Any CPU
		{A6FB2EBE-0EDC-4E99-8AAE-F45E3C58FA48}.Release|Any CPU.ActiveCfg = Release|Any CPU
		{A6FB2EBE-0EDC-4E99-8AAE-F45E3C58FA48}.Release|Any CPU.Build.0 = Release|Any CPU
		{0422675C-553E-43FA-BA4A-8F93423E7E96}.Debug|Any CPU.ActiveCfg = Debug|Any CPU
		{0422675C-553E-43FA-BA4A-8F93423E7E96}.Debug|Any CPU.Build.0 = Debug|Any CPU
		{0422675C-553E-43FA-BA4A-8F93423E7E96}.Release|Any CPU.ActiveCfg = Release|Any CPU
		{0422675C-553E-43FA-BA4A-8F93423E7E96}.Release|Any CPU.Build.0 = Release|Any CPU
	EndGlobalSection
	GlobalSection(SolutionProperties) = preSolution
		HideSolutionNode = FALSE
	EndGlobalSection
	GlobalSection(NestedProjects) = preSolution
		{FCDCA442-45D2-49CE-9663-F750798C5327} = {02EA681E-C7D8-13C7-8484-4AC65E1B71E8}
		{348B944E-3690-4CA7-8BAF-638FB5E38871} = {02EA681E-C7D8-13C7-8484-4AC65E1B71E8}
		{B2415A6E-313B-473A-A00A-5E843A902111} = {02EA681E-C7D8-13C7-8484-4AC65E1B71E8}
		{5B124F61-9699-4D96-8315-0248884E6CDC} = {02EA681E-C7D8-13C7-8484-4AC65E1B71E8}
		{A5B8CF4D-BA84-4EF2-82F5-A5ADBC64EA60} = {02EA681E-C7D8-13C7-8484-4AC65E1B71E8}
		{97C33E02-D6BA-4EF2-A7AC-9944C6BD2E6D} = {A5B8CF4D-BA84-4EF2-82F5-A5ADBC64EA60}
		{D2C85015-26C4-49AA-B717-AE06D267CD4D} = {A5B8CF4D-BA84-4EF2-82F5-A5ADBC64EA60}
		{F37FF850-B5C3-43E4-8A2D-0F9BAD52A7A5} = {A5B8CF4D-BA84-4EF2-82F5-A5ADBC64EA60}
		{A6FB2EBE-0EDC-4E99-8AAE-F45E3C58FA48} = {A5B8CF4D-BA84-4EF2-82F5-A5ADBC64EA60}
		{0422675C-553E-43FA-BA4A-8F93423E7E96} = {7F42F487-91DC-41C2-A38B-F48EDCB688F0}
	EndGlobalSection
	GlobalSection(ExtensibilityGlobals) = postSolution
		SolutionGuid = {CE1ABB75-1D59-4D8A-87D4-9828155B7B14}
	EndGlobalSection
EndGlobal
